
Microsoft Visual Studio Solution File, Format Version 12.00
# Visual Studio Version 16
VisualStudioVersion = 16.0.31424.327
MinimumVisualStudioVersion = 10.0.40219.1
Project("{FAE04EC0-301F-11D3-BF4B-00C04F79EFBC}") = "Primtal", "Primtal\Primtal.csproj", "{C1285E0B-116C-41C4-A32D-9AC36E9373CD}"
EndProject
Global
	GlobalSection(SolutionConfigurationPlatforms) = preSolution
		Debug|Any CPU = Debug|Any CPU
		Release|Any CPU = Release|Any CPU
	EndGlobalSection
	GlobalSection(ProjectConfigurationPlatforms) = postSolution
		{C1285E0B-116C-41C4-A32D-9AC36E9373CD}.Debug|Any CPU.ActiveCfg = Debug|Any CPU
		{C1285E0B-116C-41C4-A32D-9AC36E9373CD}.Debug|Any CPU.Build.0 = Debug|Any CPU
		{C1285E0B-116C-41C4-A32D-9AC36E9373CD}.Release|Any CPU.ActiveCfg = Release|Any CPU
		{C1285E0B-116C-41C4-A32D-9AC36E9373CD}.Release|Any CPU.Build.0 = Release|Any CPU
	EndGlobalSection
	GlobalSection(SolutionProperties) = preSolution
		HideSolutionNode = FALSE
	EndGlobalSection
	GlobalSection(ExtensibilityGlobals) = postSolution
		SolutionGuid = {005B33F1-9C67-4665-8938-8D857462DD81}
	EndGlobalSection
EndGlobal
